
Microsoft Visual Studio Solution File, Format Version 12.00
# Visual Studio Version 17
VisualStudioVersion = 17.11.35312.102
MinimumVisualStudioVersion = 10.0.40219.1
Project("{FAE04EC0-301F-11D3-BF4B-00C04F79EFBC}") = "TaskManager", "TaskManager\TaskManager.csproj", "{C66F1653-D6EA-48C3-992F-C3979C32B315}"
EndProject
Project("{2150E333-8FDC-42A3-9474-1A3956D46DE8}") = "Presentation", "Presentation", "{F8666254-43C5-4976-BA96-8AEA9CC4FF7E}"
EndProject
Project("{2150E333-8FDC-42A3-9474-1A3956D46DE8}") = "Platform", "Platform", "{A71AB95F-7397-418B-AF93-F977D86DE5B5}"
EndProject
Project("{2150E333-8FDC-42A3-9474-1A3956D46DE8}") = "Domain", "Domain", "{AF231C3B-3A74-435C-99BC-0EEED535EA62}"
EndProject
Project("{FAE04EC0-301F-11D3-BF4B-00C04F79EFBC}") = "TaskManager.Platform", "TaskManager.Platform\TaskManager.Platform.csproj", "{1042BEA7-F254-40A5-9CF7-1B6E5857DF16}"
EndProject
Project("{FAE04EC0-301F-11D3-BF4B-00C04F79EFBC}") = "TaskManager.Domain", "TaskManager.Domain\TaskManager.Domain.csproj", "{041E8E23-DD7E-4C73-9ADA-C821E6C4DB0B}"
EndProject
Global
	GlobalSection(SolutionConfigurationPlatforms) = preSolution
		Debug|Any CPU = Debug|Any CPU
		Release|Any CPU = Release|Any CPU
	EndGlobalSection
	GlobalSection(ProjectConfigurationPlatforms) = postSolution
		{C66F1653-D6EA-48C3-992F-C3979C32B315}.Debug|Any CPU.ActiveCfg = Debug|Any CPU
		{C66F1653-D6EA-48C3-992F-C3979C32B315}.Debug|Any CPU.Build.0 = Debug|Any CPU
		{C66F1653-D6EA-48C3-992F-C3979C32B315}.Release|Any CPU.ActiveCfg = Release|Any CPU
		{C66F1653-D6EA-48C3-992F-C3979C32B315}.Release|Any CPU.Build.0 = Release|Any CPU
		{1042BEA7-F254-40A5-9CF7-1B6E5857DF16}.Debug|Any CPU.ActiveCfg = Debug|Any CPU
		{1042BEA7-F254-40A5-9CF7-1B6E5857DF16}.Debug|Any CPU.Build.0 = Debug|Any CPU
		{1042BEA7-F254-40A5-9CF7-1B6E5857DF16}.Release|Any CPU.ActiveCfg = Release|Any CPU
		{1042BEA7-F254-40A5-9CF7-1B6E5857DF16}.Release|Any CPU.Build.0 = Release|Any CPU
		{041E8E23-DD7E-4C73-9ADA-C821E6C4DB0B}.Debug|Any CPU.ActiveCfg = Debug|Any CPU
		{041E8E23-DD7E-4C73-9ADA-C821E6C4DB0B}.Debug|Any CPU.Build.0 = Debug|Any CPU
		{041E8E23-DD7E-4C73-9ADA-C821E6C4DB0B}.Release|Any CPU.ActiveCfg = Release|Any CPU
		{041E8E23-DD7E-4C73-9ADA-C821E6C4DB0B}.Release|Any CPU.Build.0 = Release|Any CPU
	EndGlobalSection
	GlobalSection(SolutionProperties) = preSolution
		HideSolutionNode = FALSE
	EndGlobalSection
	GlobalSection(NestedProjects) = preSolution
		{C66F1653-D6EA-48C3-992F-C3979C32B315} = {F8666254-43C5-4976-BA96-8AEA9CC4FF7E}
		{1042BEA7-F254-40A5-9CF7-1B6E5857DF16} = {A71AB95F-7397-418B-AF93-F977D86DE5B5}
		{041E8E23-DD7E-4C73-9ADA-C821E6C4DB0B} = {AF231C3B-3A74-435C-99BC-0EEED535EA62}
	EndGlobalSection
	GlobalSection(ExtensibilityGlobals) = postSolution
		SolutionGuid = {7E69DE81-F427-4746-B36A-3A2F0D97BB3A}
	EndGlobalSection
EndGlobal
